// !$*UTF8*$!
{
	archiveVersion = 1;
	classes = {
	};
	objectVersion = 46;
	objects = {

/* Begin PBXBuildFile section */
		__src_cc_ref_Sources/PlainObjectFetchedResultsController.swift /* PlainObjectFetchedResultsController.swift in Sources */ = {isa = PBXBuildFile; fileRef = __PBXFileRef_Sources/PlainObjectFetchedResultsController.swift /* PlainObjectFetchedResultsController.swift */; };
/* End PBXBuildFile section */

/* Begin PBXFileReference section */
		__PBXFileRef_Package.swift /* Package.swift */ = {isa = PBXFileReference; lastKnownFileType = sourcecode.swift; path = Package.swift; sourceTree = "<group>"; };
		__PBXFileRef_PlainObjectsFetchedResultsController.xcodeproj/Configs/Project.xcconfig /* Project.xcconfig */ = {isa = PBXFileReference; lastKnownFileType = text.xcconfig; name = Project.xcconfig; path = PlainObjectsFetchedResultsController.xcodeproj/Configs/Project.xcconfig; sourceTree = "<group>"; };
		__PBXFileRef_PlainObjectsFetchedResultsController_Info.plist /* PlainObjectsFetchedResultsController_Info.plist */ = {isa = PBXFileReference; lastKnownFileType = text.plist.xml; name = PlainObjectsFetchedResultsController_Info.plist; path = PlainObjectsFetchedResultsController.xcodeproj/PlainObjectsFetchedResultsController_Info.plist; sourceTree = SOURCE_ROOT; };
		__PBXFileRef_Sources/PlainObjectFetchedResultsController.swift /* PlainObjectFetchedResultsController.swift */ = {isa = PBXFileReference; lastKnownFileType = sourcecode.swift; path = PlainObjectFetchedResultsController.swift; sourceTree = "<group>"; };
		"_____Product_PlainObjectsFetchedResultsController" /* PlainObjectsFetchedResultsController.framework */ = {isa = PBXFileReference; explicitFileType = wrapper.framework; path = PlainObjectsFetchedResultsController.framework; sourceTree = BUILT_PRODUCTS_DIR; };
/* End PBXFileReference section */

/* Begin PBXFrameworksBuildPhase section */
		"___LinkPhase_PlainObjectsFetchedResultsController" /* Frameworks */ = {
			isa = PBXFrameworksBuildPhase;
			buildActionMask = 0;
			files = (
			);
			runOnlyForDeploymentPostprocessing = 0;
		};
/* End PBXFrameworksBuildPhase section */

/* Begin PBXGroup section */
		"___RootGroup_" = {
			isa = PBXGroup;
			children = (
				__PBXFileRef_Package.swift /* Package.swift */,
				"_____Configs_" /* Configs */,
				"_____Sources_" /* Sources */,
				"____Products_" /* Products */,
			);
			sourceTree = "<group>";
		};
		"____Products_" /* Products */ = {
			isa = PBXGroup;
			children = (
				"_____Product_PlainObjectsFetchedResultsController" /* PlainObjectsFetchedResultsController.framework */,
			);
			name = Products;
			sourceTree = "<group>";
		};
		"_____Configs_" /* Configs */ = {
			isa = PBXGroup;
			children = (
				__PBXFileRef_PlainObjectsFetchedResultsController.xcodeproj/Configs/Project.xcconfig /* Project.xcconfig */,
			);
			name = Configs;
			sourceTree = "<group>";
		};
		"_____Sources_" /* Sources */ = {
			isa = PBXGroup;
			children = (
				"_______Group_PlainObjectsFetchedResultsController" /* PlainObjectsFetchedResultsController */,
			);
			name = Sources;
			sourceTree = "<group>";
		};
		"_______Group_PlainObjectsFetchedResultsController" /* PlainObjectsFetchedResultsController */ = {
			isa = PBXGroup;
			children = (
				__PBXFileRef_Sources/PlainObjectFetchedResultsController.swift /* PlainObjectFetchedResultsController.swift */,
				__PBXFileRef_PlainObjectsFetchedResultsController_Info.plist /* PlainObjectsFetchedResultsController_Info.plist */,
			);
			name = PlainObjectsFetchedResultsController;
			path = Sources;
			sourceTree = "<group>";
		};
/* End PBXGroup section */

/* Begin PBXNativeTarget section */
		"______Target_PlainObjectsFetchedResultsController" /* PlainObjectsFetchedResultsController */ = {
			isa = PBXNativeTarget;
			buildConfigurationList = "_______Confs_PlainObjectsFetchedResultsController" /* Build configuration list for PBXNativeTarget "PlainObjectsFetchedResultsController" */;
			buildPhases = (
				CompilePhase_PlainObjectsFetchedResultsController /* Sources */,
				"___LinkPhase_PlainObjectsFetchedResultsController" /* Frameworks */,
			);
			buildRules = (
			);
			dependencies = (
			);
			name = PlainObjectsFetchedResultsController;
			productName = PlainObjectsFetchedResultsController;
			productReference = "_____Product_PlainObjectsFetchedResultsController" /* PlainObjectsFetchedResultsController.framework */;
			productType = "com.apple.product-type.framework";
		};
/* End PBXNativeTarget section */

/* Begin PBXProject section */
		__RootObject_ /* Project object */ = {
			isa = PBXProject;
			attributes = {
				LastUpgradeCheck = 9999;
			};
			buildConfigurationList = "___RootConfs_" /* Build configuration list for PBXProject "PlainObjectsFetchedResultsController" */;
			compatibilityVersion = "Xcode 3.2";
			developmentRegion = English;
			hasScannedForEncodings = 0;
			knownRegions = (
				en,
			);
			mainGroup = "___RootGroup_";
			productRefGroup = "____Products_" /* Products */;
			projectDirPath = "";
			projectRoot = "";
			targets = (
				"______Target_PlainObjectsFetchedResultsController" /* PlainObjectsFetchedResultsController */,
			);
		};
/* End PBXProject section */

/* Begin PBXSourcesBuildPhase section */
		CompilePhase_PlainObjectsFetchedResultsController /* Sources */ = {
			isa = PBXSourcesBuildPhase;
			buildActionMask = 0;
			files = (
				__src_cc_ref_Sources/PlainObjectFetchedResultsController.swift /* PlainObjectFetchedResultsController.swift in Sources */,
			);
			runOnlyForDeploymentPostprocessing = 0;
		};
/* End PBXSourcesBuildPhase section */

/* Begin XCBuildConfiguration section */
		_ReleaseConf_PlainObjectsFetchedResultsController /* Release */ = {
			isa = XCBuildConfiguration;
			buildSettings = {
				ENABLE_TESTABILITY = YES;
				FRAMEWORK_SEARCH_PATHS = "$(PLATFORM_DIR)/Developer/Library/Frameworks";
				INFOPLIST_FILE = PlainObjectsFetchedResultsController.xcodeproj/PlainObjectsFetchedResultsController_Info.plist;
				LD_RUNPATH_SEARCH_PATHS = "$(TOOLCHAIN_DIR)/usr/lib/swift/macosx";
				OTHER_LDFLAGS = "$(inherited)";
				OTHER_SWIFT_FLAGS = "$(inherited)";
				PRODUCT_MODULE_NAME = "$(TARGET_NAME:c99extidentifier)";
				PRODUCT_NAME = "$(TARGET_NAME:c99extidentifier)";
			};
			name = Release;
		};
		"___DebugConf_PlainObjectsFetchedResultsController" /* Debug */ = {
			isa = XCBuildConfiguration;
			buildSettings = {
				ENABLE_TESTABILITY = YES;
				FRAMEWORK_SEARCH_PATHS = "$(PLATFORM_DIR)/Developer/Library/Frameworks";
				INFOPLIST_FILE = PlainObjectsFetchedResultsController.xcodeproj/PlainObjectsFetchedResultsController_Info.plist;
				LD_RUNPATH_SEARCH_PATHS = "$(TOOLCHAIN_DIR)/usr/lib/swift/macosx";
				OTHER_LDFLAGS = "$(inherited)";
				OTHER_SWIFT_FLAGS = "$(inherited)";
				PRODUCT_MODULE_NAME = "$(TARGET_NAME:c99extidentifier)";
				PRODUCT_NAME = "$(TARGET_NAME:c99extidentifier)";
				SWIFT_OPTIMIZATION_LEVEL = "-Onone";
			};
			name = Debug;
		};
		"_____Release_" /* Release */ = {
			isa = XCBuildConfiguration;
			baseConfigurationReference = __PBXFileRef_PlainObjectsFetchedResultsController.xcodeproj/Configs/Project.xcconfig /* Project.xcconfig */;
			buildSettings = {
				SWIFT_VERSION = 3.0;
			};
			name = Release;
		};
		"_______Debug_" /* Debug */ = {
			isa = XCBuildConfiguration;
			baseConfigurationReference = __PBXFileRef_PlainObjectsFetchedResultsController.xcodeproj/Configs/Project.xcconfig /* Project.xcconfig */;
			buildSettings = {
				SWIFT_VERSION = 3.0;
			};
			name = Debug;
		};
/* End XCBuildConfiguration section */

/* Begin XCConfigurationList section */
		"___RootConfs_" /* Build configuration list for PBXProject "PlainObjectsFetchedResultsController" */ = {
			isa = XCConfigurationList;
			buildConfigurations = (
				"_______Debug_" /* Debug */,
				"_____Release_" /* Release */,
			);
			defaultConfigurationIsVisible = 0;
			defaultConfigurationName = Debug;
		};
		"_______Confs_PlainObjectsFetchedResultsController" /* Build configuration list for PBXNativeTarget "PlainObjectsFetchedResultsController" */ = {
			isa = XCConfigurationList;
			buildConfigurations = (
				"___DebugConf_PlainObjectsFetchedResultsController" /* Debug */,
				_ReleaseConf_PlainObjectsFetchedResultsController /* Release */,
			);
			defaultConfigurationIsVisible = 0;
			defaultConfigurationName = Debug;
		};
/* End XCConfigurationList section */
	};
	rootObject = __RootObject_ /* Project object */;
}
